
Microsoft Visual Studio Solution File, Format Version 12.00
# Visual Studio 15
VisualStudioVersion = 15.0.28307.168
MinimumVisualStudioVersion = 10.0.40219.1
Project("{FAE04EC0-301F-11D3-BF4B-00C04F79EFBC}") = "RESTDemo", "RESTDemo\RESTDemo.csproj", "{102D985B-07F6-4132-A5DE-610A093ED983}"
EndProject
Global
	GlobalSection(SolutionConfigurationPlatforms) = preSolution
		Debug|Any CPU = Debug|Any CPU
		Release|Any CPU = Release|Any CPU
	EndGlobalSection
	GlobalSection(ProjectConfigurationPlatforms) = postSolution
		{102D985B-07F6-4132-A5DE-610A093ED983}.Debug|Any CPU.ActiveCfg = Debug|Any CPU
		{102D985B-07F6-4132-A5DE-610A093ED983}.Debug|Any CPU.Build.0 = Debug|Any CPU
		{102D985B-07F6-4132-A5DE-610A093ED983}.Release|Any CPU.ActiveCfg = Release|Any CPU
		{102D985B-07F6-4132-A5DE-610A093ED983}.Release|Any CPU.Build.0 = Release|Any CPU
	EndGlobalSection
	GlobalSection(SolutionProperties) = preSolution
		HideSolutionNode = FALSE
	EndGlobalSection
	GlobalSection(ExtensibilityGlobals) = postSolution
		SolutionGuid = {17F5167D-52F8-4739-BCDB-FEADD93BF2FA}
	EndGlobalSection
EndGlobal
