
Microsoft Visual Studio Solution File, Format Version 12.00
# Visual Studio 15
VisualStudioVersion = 15.0.28307.106
MinimumVisualStudioVersion = 10.0.40219.1
Project("{FAE04EC0-301F-11D3-BF4B-00C04F79EFBC}") = "SerialiazationandAsync", "SerialiazationandAsync\SerialiazationandAsync.csproj", "{A45ABC0D-2828-4AF8-A8F3-988197400055}"
EndProject
Global
	GlobalSection(SolutionConfigurationPlatforms) = preSolution
		Debug|Any CPU = Debug|Any CPU
		Release|Any CPU = Release|Any CPU
	EndGlobalSection
	GlobalSection(ProjectConfigurationPlatforms) = postSolution
		{A45ABC0D-2828-4AF8-A8F3-988197400055}.Debug|Any CPU.ActiveCfg = Debug|Any CPU
		{A45ABC0D-2828-4AF8-A8F3-988197400055}.Debug|Any CPU.Build.0 = Debug|Any CPU
		{A45ABC0D-2828-4AF8-A8F3-988197400055}.Release|Any CPU.ActiveCfg = Release|Any CPU
		{A45ABC0D-2828-4AF8-A8F3-988197400055}.Release|Any CPU.Build.0 = Release|Any CPU
	EndGlobalSection
	GlobalSection(SolutionProperties) = preSolution
		HideSolutionNode = FALSE
	EndGlobalSection
	GlobalSection(ExtensibilityGlobals) = postSolution
		SolutionGuid = {9379BBF2-7460-489C-9777-11A73FBADE77}
	EndGlobalSection
EndGlobal
