
Microsoft Visual Studio Solution File, Format Version 12.00
# Visual Studio 15
VisualStudioVersion = 15.0.28307.106
MinimumVisualStudioVersion = 10.0.40219.1
Project("{FAE04EC0-301F-11D3-BF4B-00C04F79EFBC}") = "ExceptionHandling", "ExceptionHandling\ExceptionHandling.csproj", "{011643AD-6693-4727-A6DC-2FD05B0BC97B}"
EndProject
Global
	GlobalSection(SolutionConfigurationPlatforms) = preSolution
		Debug|Any CPU = Debug|Any CPU
		Release|Any CPU = Release|Any CPU
	EndGlobalSection
	GlobalSection(ProjectConfigurationPlatforms) = postSolution
		{011643AD-6693-4727-A6DC-2FD05B0BC97B}.Debug|Any CPU.ActiveCfg = Debug|Any CPU
		{011643AD-6693-4727-A6DC-2FD05B0BC97B}.Debug|Any CPU.Build.0 = Debug|Any CPU
		{011643AD-6693-4727-A6DC-2FD05B0BC97B}.Release|Any CPU.ActiveCfg = Release|Any CPU
		{011643AD-6693-4727-A6DC-2FD05B0BC97B}.Release|Any CPU.Build.0 = Release|Any CPU
	EndGlobalSection
	GlobalSection(SolutionProperties) = preSolution
		HideSolutionNode = FALSE
	EndGlobalSection
	GlobalSection(ExtensibilityGlobals) = postSolution
		SolutionGuid = {E1C19DD8-3EF3-49EE-AF8D-1C99D2A1347C}
	EndGlobalSection
EndGlobal
