
Microsoft Visual Studio Solution File, Format Version 12.00
# Visual Studio 15
VisualStudioVersion = 15.0.28307.106
MinimumVisualStudioVersion = 10.0.40219.1
Project("{9A19103F-16F7-4668-BE54-9A1E7A4F7556}") = "MVCDemo", "MVCDemo\MVCDemo.csproj", "{9E121220-E641-47C2-9A08-9035E829C755}"
EndProject
Project("{9A19103F-16F7-4668-BE54-9A1E7A4F7556}") = "MVCDemo.DataAccess", "MVCDemo.DataAccess\MVCDemo.DataAccess.csproj", "{235F4C8C-28F6-461B-BBF0-8937C2903531}"
EndProject
Project("{FAE04EC0-301F-11D3-BF4B-00C04F79EFBC}") = "MVCDemo.Testing", "MVCDemo.Testing\MVCDemo.Testing.csproj", "{C3BDBDFB-4DFD-4899-9420-73273BCA12DF}"
EndProject
Global
	GlobalSection(SolutionConfigurationPlatforms) = preSolution
		Debug|Any CPU = Debug|Any CPU
		Release|Any CPU = Release|Any CPU
	EndGlobalSection
	GlobalSection(ProjectConfigurationPlatforms) = postSolution
		{9E121220-E641-47C2-9A08-9035E829C755}.Debug|Any CPU.ActiveCfg = Debug|Any CPU
		{9E121220-E641-47C2-9A08-9035E829C755}.Debug|Any CPU.Build.0 = Debug|Any CPU
		{9E121220-E641-47C2-9A08-9035E829C755}.Release|Any CPU.ActiveCfg = Release|Any CPU
		{9E121220-E641-47C2-9A08-9035E829C755}.Release|Any CPU.Build.0 = Release|Any CPU
		{235F4C8C-28F6-461B-BBF0-8937C2903531}.Debug|Any CPU.ActiveCfg = Debug|Any CPU
		{235F4C8C-28F6-461B-BBF0-8937C2903531}.Debug|Any CPU.Build.0 = Debug|Any CPU
		{235F4C8C-28F6-461B-BBF0-8937C2903531}.Release|Any CPU.ActiveCfg = Release|Any CPU
		{235F4C8C-28F6-461B-BBF0-8937C2903531}.Release|Any CPU.Build.0 = Release|Any CPU
		{C3BDBDFB-4DFD-4899-9420-73273BCA12DF}.Debug|Any CPU.ActiveCfg = Debug|Any CPU
		{C3BDBDFB-4DFD-4899-9420-73273BCA12DF}.Debug|Any CPU.Build.0 = Debug|Any CPU
		{C3BDBDFB-4DFD-4899-9420-73273BCA12DF}.Release|Any CPU.ActiveCfg = Release|Any CPU
		{C3BDBDFB-4DFD-4899-9420-73273BCA12DF}.Release|Any CPU.Build.0 = Release|Any CPU
	EndGlobalSection
	GlobalSection(SolutionProperties) = preSolution
		HideSolutionNode = FALSE
	EndGlobalSection
	GlobalSection(ExtensibilityGlobals) = postSolution
		SolutionGuid = {5D10A75A-634B-4F76-962B-142F166EE3E8}
	EndGlobalSection
EndGlobal
